
Microsoft Visual Studio Solution File, Format Version 12.00
# Visual Studio Version 17
VisualStudioVersion = 17.10.34928.147
MinimumVisualStudioVersion = 10.0.40219.1
Project("{9A19103F-16F7-4668-BE54-9A1E7A4F7556}") = "Business", "Business\Business.csproj", "{DEEC4EBD-C73B-4C86-ABAE-C373033830BD}"
	ProjectSection(ProjectDependencies) = postProject
		{FF36A8A3-E9C3-4FC6-8FA8-4D865FF7D63E} = {FF36A8A3-E9C3-4FC6-8FA8-4D865FF7D63E}
	EndProjectSection
EndProject
Project("{9A19103F-16F7-4668-BE54-9A1E7A4F7556}") = "Core", "Core\Core.csproj", "{5B237340-6E4A-492F-BEBF-FA3D7484D7D4}"
EndProject
Project("{9A19103F-16F7-4668-BE54-9A1E7A4F7556}") = "Infrastructure", "Infrastructure\Infrastructure.csproj", "{FF36A8A3-E9C3-4FC6-8FA8-4D865FF7D63E}"
EndProject
Project("{9A19103F-16F7-4668-BE54-9A1E7A4F7556}") = "Model", "Model\Model.csproj", "{50805E6D-0169-473A-BBBB-02A65B44C406}"
EndProject
Project("{9A19103F-16F7-4668-BE54-9A1E7A4F7556}") = "GerContatos.API", "GerContatos.API\GerContatos.API.csproj", "{75C46FB8-D9E4-4593-AA96-210CF6077034}"
EndProject
Project("{9A19103F-16F7-4668-BE54-9A1E7A4F7556}") = "Testes", "Testes\Testes.csproj", "{2F2DFED3-7051-4A7B-BA94-F5D4261485AD}"
EndProject
Project("{2150E333-8FDC-42A3-9474-1A3956D46DE8}") = "Itens de Solução", "Itens de Solução", "{4E5BE9FF-E5D0-44B8-9E46-86BB5E1E8ECE}"
	ProjectSection(SolutionItems) = preProject
		docker-compose.yml = docker-compose.yml
	EndProjectSection
EndProject
Global
	GlobalSection(SolutionConfigurationPlatforms) = preSolution
		Debug|Any CPU = Debug|Any CPU
		Release|Any CPU = Release|Any CPU
	EndGlobalSection
	GlobalSection(ProjectConfigurationPlatforms) = postSolution
		{DEEC4EBD-C73B-4C86-ABAE-C373033830BD}.Debug|Any CPU.ActiveCfg = Debug|Any CPU
		{DEEC4EBD-C73B-4C86-ABAE-C373033830BD}.Debug|Any CPU.Build.0 = Debug|Any CPU
		{DEEC4EBD-C73B-4C86-ABAE-C373033830BD}.Release|Any CPU.ActiveCfg = Release|Any CPU
		{DEEC4EBD-C73B-4C86-ABAE-C373033830BD}.Release|Any CPU.Build.0 = Release|Any CPU
		{5B237340-6E4A-492F-BEBF-FA3D7484D7D4}.Debug|Any CPU.ActiveCfg = Debug|Any CPU
		{5B237340-6E4A-492F-BEBF-FA3D7484D7D4}.Debug|Any CPU.Build.0 = Debug|Any CPU
		{5B237340-6E4A-492F-BEBF-FA3D7484D7D4}.Release|Any CPU.ActiveCfg = Release|Any CPU
		{5B237340-6E4A-492F-BEBF-FA3D7484D7D4}.Release|Any CPU.Build.0 = Release|Any CPU
		{FF36A8A3-E9C3-4FC6-8FA8-4D865FF7D63E}.Debug|Any CPU.ActiveCfg = Debug|Any CPU
		{FF36A8A3-E9C3-4FC6-8FA8-4D865FF7D63E}.Debug|Any CPU.Build.0 = Debug|Any CPU
		{FF36A8A3-E9C3-4FC6-8FA8-4D865FF7D63E}.Release|Any CPU.ActiveCfg = Release|Any CPU
		{FF36A8A3-E9C3-4FC6-8FA8-4D865FF7D63E}.Release|Any CPU.Build.0 = Release|Any CPU
		{50805E6D-0169-473A-BBBB-02A65B44C406}.Debug|Any CPU.ActiveCfg = Debug|Any CPU
		{50805E6D-0169-473A-BBBB-02A65B44C406}.Debug|Any CPU.Build.0 = Debug|Any CPU
		{50805E6D-0169-473A-BBBB-02A65B44C406}.Release|Any CPU.ActiveCfg = Release|Any CPU
		{50805E6D-0169-473A-BBBB-02A65B44C406}.Release|Any CPU.Build.0 = Release|Any CPU
		{75C46FB8-D9E4-4593-AA96-210CF6077034}.Debug|Any CPU.ActiveCfg = Debug|Any CPU
		{75C46FB8-D9E4-4593-AA96-210CF6077034}.Debug|Any CPU.Build.0 = Debug|Any CPU
		{75C46FB8-D9E4-4593-AA96-210CF6077034}.Release|Any CPU.ActiveCfg = Release|Any CPU
		{75C46FB8-D9E4-4593-AA96-210CF6077034}.Release|Any CPU.Build.0 = Release|Any CPU
		{2F2DFED3-7051-4A7B-BA94-F5D4261485AD}.Debug|Any CPU.ActiveCfg = Debug|Any CPU
		{2F2DFED3-7051-4A7B-BA94-F5D4261485AD}.Debug|Any CPU.Build.0 = Debug|Any CPU
		{2F2DFED3-7051-4A7B-BA94-F5D4261485AD}.Release|Any CPU.ActiveCfg = Release|Any CPU
		{2F2DFED3-7051-4A7B-BA94-F5D4261485AD}.Release|Any CPU.Build.0 = Release|Any CPU
	EndGlobalSection
	GlobalSection(SolutionProperties) = preSolution
		HideSolutionNode = FALSE
	EndGlobalSection
	GlobalSection(ExtensibilityGlobals) = postSolution
		SolutionGuid = {A12B2687-9DE6-417A-B7D2-6930C70CCF3A}
	EndGlobalSection
EndGlobal
